
Microsoft Visual Studio Solution File, Format Version 12.00
# Visual Studio Version 16
VisualStudioVersion = 16.0.29201.188
MinimumVisualStudioVersion = 10.0.40219.1
Project("{9A19103F-16F7-4668-BE54-9A1E7A4F7556}") = "StreamNet.Server", "StreamNet.Server\StreamNet.Server.csproj", "{5106A5D8-EF4E-4EA1-9408-8B423DC1FD8B}"
EndProject
Project("{9A19103F-16F7-4668-BE54-9A1E7A4F7556}") = "StreamNet.Server.DomainEntities", "StreamNetServer.Entities\StreamNet.Server.DomainEntities.csproj", "{9C6BA3D6-0BB4-4FF3-8AB7-A07552DAEDA3}"
EndProject
Project("{FAE04EC0-301F-11D3-BF4B-00C04F79EFBC}") = "StreamNet.Server.ContentScanner", "StreamNet.Server.ContentScanner\StreamNet.Server.ContentScanner.csproj", "{FA17DA10-6973-44C5-B3DB-20F07F1B42E5}"
EndProject
Project("{FAE04EC0-301F-11D3-BF4B-00C04F79EFBC}") = "StreamNet.Server.Services", "StreamNet.Server.Services\StreamNet.Server.Services.csproj", "{16CD344B-D80A-437C-A858-11492DB433F8}"
EndProject
Project("{FAE04EC0-301F-11D3-BF4B-00C04F79EFBC}") = "StreamNet.Server.ExtensionsMethods", "StreamNet.Server.ExtensionsMethods\StreamNet.Server.ExtensionsMethods.csproj", "{8FDDD3E6-8394-4919-BDC0-BE872EB0E648}"
EndProject
Project("{FAE04EC0-301F-11D3-BF4B-00C04F79EFBC}") = "StreamNet.Server.Options", "StreamNet.Server.Options\StreamNet.Server.Options.csproj", "{24E0D112-82CD-4658-90FD-C54506B93458}"
EndProject
Global
	GlobalSection(SolutionConfigurationPlatforms) = preSolution
		Debug|Any CPU = Debug|Any CPU
		Release|Any CPU = Release|Any CPU
	EndGlobalSection
	GlobalSection(ProjectConfigurationPlatforms) = postSolution
		{5106A5D8-EF4E-4EA1-9408-8B423DC1FD8B}.Debug|Any CPU.ActiveCfg = Debug|Any CPU
		{5106A5D8-EF4E-4EA1-9408-8B423DC1FD8B}.Debug|Any CPU.Build.0 = Debug|Any CPU
		{5106A5D8-EF4E-4EA1-9408-8B423DC1FD8B}.Release|Any CPU.ActiveCfg = Release|Any CPU
		{5106A5D8-EF4E-4EA1-9408-8B423DC1FD8B}.Release|Any CPU.Build.0 = Release|Any CPU
		{9C6BA3D6-0BB4-4FF3-8AB7-A07552DAEDA3}.Debug|Any CPU.ActiveCfg = Debug|Any CPU
		{9C6BA3D6-0BB4-4FF3-8AB7-A07552DAEDA3}.Debug|Any CPU.Build.0 = Debug|Any CPU
		{9C6BA3D6-0BB4-4FF3-8AB7-A07552DAEDA3}.Release|Any CPU.ActiveCfg = Release|Any CPU
		{9C6BA3D6-0BB4-4FF3-8AB7-A07552DAEDA3}.Release|Any CPU.Build.0 = Release|Any CPU
		{FA17DA10-6973-44C5-B3DB-20F07F1B42E5}.Debug|Any CPU.ActiveCfg = Debug|Any CPU
		{FA17DA10-6973-44C5-B3DB-20F07F1B42E5}.Debug|Any CPU.Build.0 = Debug|Any CPU
		{FA17DA10-6973-44C5-B3DB-20F07F1B42E5}.Release|Any CPU.ActiveCfg = Release|Any CPU
		{FA17DA10-6973-44C5-B3DB-20F07F1B42E5}.Release|Any CPU.Build.0 = Release|Any CPU
		{16CD344B-D80A-437C-A858-11492DB433F8}.Debug|Any CPU.ActiveCfg = Debug|Any CPU
		{16CD344B-D80A-437C-A858-11492DB433F8}.Debug|Any CPU.Build.0 = Debug|Any CPU
		{16CD344B-D80A-437C-A858-11492DB433F8}.Release|Any CPU.ActiveCfg = Release|Any CPU
		{16CD344B-D80A-437C-A858-11492DB433F8}.Release|Any CPU.Build.0 = Release|Any CPU
		{8FDDD3E6-8394-4919-BDC0-BE872EB0E648}.Debug|Any CPU.ActiveCfg = Debug|Any CPU
		{8FDDD3E6-8394-4919-BDC0-BE872EB0E648}.Debug|Any CPU.Build.0 = Debug|Any CPU
		{8FDDD3E6-8394-4919-BDC0-BE872EB0E648}.Release|Any CPU.ActiveCfg = Release|Any CPU
		{8FDDD3E6-8394-4919-BDC0-BE872EB0E648}.Release|Any CPU.Build.0 = Release|Any CPU
		{24E0D112-82CD-4658-90FD-C54506B93458}.Debug|Any CPU.ActiveCfg = Debug|Any CPU
		{24E0D112-82CD-4658-90FD-C54506B93458}.Debug|Any CPU.Build.0 = Debug|Any CPU
		{24E0D112-82CD-4658-90FD-C54506B93458}.Release|Any CPU.ActiveCfg = Release|Any CPU
		{24E0D112-82CD-4658-90FD-C54506B93458}.Release|Any CPU.Build.0 = Release|Any CPU
	EndGlobalSection
	GlobalSection(SolutionProperties) = preSolution
		HideSolutionNode = FALSE
	EndGlobalSection
	GlobalSection(ExtensibilityGlobals) = postSolution
		SolutionGuid = {3288EF6F-B414-401A-A9ED-F85A7BE15F0B}
	EndGlobalSection
EndGlobal
